
Microsoft Visual Studio Solution File, Format Version 12.00
# Visual Studio Version 16
VisualStudioVersion = 16.0.30804.86
MinimumVisualStudioVersion = 10.0.40219.1
Project("{FAE04EC0-301F-11D3-BF4B-00C04F79EFBC}") = "Practice", "Practice.csproj", "{7BE82611-58E5-4CAE-B2D7-8BB7D91A4077}"
EndProject
Project("{FAE04EC0-301F-11D3-BF4B-00C04F79EFBC}") = "SimpleFactoryAnswer", "..\SimpleFactoryAnswer\SimpleFactoryAnswer.csproj", "{34F3809A-2C3B-4BC5-A410-BED2A17C85E8}"
EndProject
Project("{FAE04EC0-301F-11D3-BF4B-00C04F79EFBC}") = "FactoryAnswer", "..\FactoryAnswer\FactoryAnswer.csproj", "{9CD15C20-8AD1-4AD8-837B-3B6624052235}"
EndProject
Global
	GlobalSection(SolutionConfigurationPlatforms) = preSolution
		Debug|Any CPU = Debug|Any CPU
		Release|Any CPU = Release|Any CPU
	EndGlobalSection
	GlobalSection(ProjectConfigurationPlatforms) = postSolution
		{7BE82611-58E5-4CAE-B2D7-8BB7D91A4077}.Debug|Any CPU.ActiveCfg = Debug|Any CPU
		{7BE82611-58E5-4CAE-B2D7-8BB7D91A4077}.Debug|Any CPU.Build.0 = Debug|Any CPU
		{7BE82611-58E5-4CAE-B2D7-8BB7D91A4077}.Release|Any CPU.ActiveCfg = Release|Any CPU
		{7BE82611-58E5-4CAE-B2D7-8BB7D91A4077}.Release|Any CPU.Build.0 = Release|Any CPU
		{34F3809A-2C3B-4BC5-A410-BED2A17C85E8}.Debug|Any CPU.ActiveCfg = Debug|Any CPU
		{34F3809A-2C3B-4BC5-A410-BED2A17C85E8}.Debug|Any CPU.Build.0 = Debug|Any CPU
		{34F3809A-2C3B-4BC5-A410-BED2A17C85E8}.Release|Any CPU.ActiveCfg = Release|Any CPU
		{34F3809A-2C3B-4BC5-A410-BED2A17C85E8}.Release|Any CPU.Build.0 = Release|Any CPU
		{9CD15C20-8AD1-4AD8-837B-3B6624052235}.Debug|Any CPU.ActiveCfg = Debug|Any CPU
		{9CD15C20-8AD1-4AD8-837B-3B6624052235}.Debug|Any CPU.Build.0 = Debug|Any CPU
		{9CD15C20-8AD1-4AD8-837B-3B6624052235}.Release|Any CPU.ActiveCfg = Release|Any CPU
		{9CD15C20-8AD1-4AD8-837B-3B6624052235}.Release|Any CPU.Build.0 = Release|Any CPU
	EndGlobalSection
	GlobalSection(SolutionProperties) = preSolution
		HideSolutionNode = FALSE
	EndGlobalSection
	GlobalSection(ExtensibilityGlobals) = postSolution
		SolutionGuid = {CBEE58A8-FC73-42AD-BBDC-4FD9194F1BFB}
	EndGlobalSection
EndGlobal
